# THIS IS AN AUTOGENERATED FILE. DO NOT EDIT THIS FILE DIRECTLY.
# yarn lockfile v1


fsevents@~2.3.2:
  version "2.3.3"
  resolved "https://registry.yarnpkg.com/fsevents/-/fsevents-2.3.3.tgz#cac6407785d03675a2a5e1a5305c697b347d90d6"
  integrity sha512-5xoDfX+fL7faATnagmWPpbFtwh/R77WmMMqqHGS65C3vvB0YHrgF+B1YmZ3441tMj5n63k0212XNoJwzlhffQw==

glob-hasher-darwin-arm64@1.4.2:
  version "1.4.2"
  resolved "https://registry.yarnpkg.com/glob-hasher-darwin-arm64/-/glob-hasher-darwin-arm64-1.4.2.tgz#0b5468cd43a57dbcaf46c20d2c6a35065e7d2762"
  integrity sha512-zqCZDkDrgo86UsEbOV5wnfyAVlNQ85clGt9EV4LlskDmv2aeuHD6dFYU8hLbbQSC7nvd90EWewy1WqvV6KsL7A==

glob-hasher-darwin-x64@1.4.2:
  version "1.4.2"
  resolved "https://registry.yarnpkg.com/glob-hasher-darwin-x64/-/glob-hasher-darwin-x64-1.4.2.tgz#4dc3a46bd00f6959065f1c104fb4459d2160ae4d"
  integrity sha512-yEmIQyr6pGj2RG6IxUpOiVbbTm+lw5+L6MqxdPJvp+Z96YSUIo7aOkru0M8lgFGTRh5fQNDWdoHM6kgK8USYrA==

glob-hasher-linux-x64-gnu@1.4.2:
  version "1.4.2"
  resolved "https://registry.yarnpkg.com/glob-hasher-linux-x64-gnu/-/glob-hasher-linux-x64-gnu-1.4.2.tgz#213a64c61a3e5b3c3a068220ce282818210536d4"
  integrity sha512-7TT8Wfkw41zwfvkbZJ3M3QqWR4bR9qLnbSzcMFHrOIpJjdnvKzCzrqfi470S8sPb6dyEVyS7s49eP5YB8cSy5A==

glob-hasher-win32-arm64-msvc@1.4.2:
  version "1.4.2"
  resolved "https://registry.yarnpkg.com/glob-hasher-win32-arm64-msvc/-/glob-hasher-win32-arm64-msvc-1.4.2.tgz#fa4335ab7bcec77ac2175e288c4a079b5a18d1ed"
  integrity sha512-HyNotx1CF0/7ulND7CnbLoyuykGeMIARJRzJK36WlcgR+BqkSfcPJEbsbk7AsHhaBOtlUWAbEX9MDndcx8uguQ==

glob-hasher-win32-x64-msvc@1.4.2:
  version "1.4.2"
  resolved "https://registry.yarnpkg.com/glob-hasher-win32-x64-msvc/-/glob-hasher-win32-x64-msvc-1.4.2.tgz#17b36bcc7bc1d7dd7607665f635baceb59c83486"
  integrity sha512-6mKybe2NwFABUA7ZxiiXurD5RXDrrCWwGA53NasfnO4z+hvH5q4jG6YvVhavf6GdTapJi9WwfMHRKvoSQNUxeQ==

glob-hasher@^1.4.2:
  version "1.4.2"
  resolved "https://registry.yarnpkg.com/glob-hasher/-/glob-hasher-1.4.2.tgz#ea36aae9cbe76c5add37bbb847be5f378448cc66"
  integrity sha512-wYeJvOixB9iAzNpY94AgK0JvOdOQ7g30U+PN0LGSH9u0Y0WC+jIwukjMZ1JZiSoNzUSyrvABZYCNhXpZEoJ/8Q==
  optionalDependencies:
    glob-hasher-darwin-arm64 "1.4.2"
    glob-hasher-darwin-x64 "1.4.2"
    glob-hasher-linux-x64-gnu "1.4.2"
    glob-hasher-win32-arm64-msvc "1.4.2"
    glob-hasher-win32-x64-msvc "1.4.2"

lage@^2.12.6:
  version "2.12.6"
  resolved "https://registry.yarnpkg.com/lage/-/lage-2.12.6.tgz#ff61103487c3ac325f057feeb086c00b211bb1c1"
  integrity sha512-oHWiJEkH6w8xMDAi+XRIbzaEgk64L8WNAASMVQ3BmTDgq1qfE+edKmUBVv9GxRF6TuC0ghC7z3ppySCgK61tDw==
  dependencies:
    glob-hasher "^1.4.2"
  optionalDependencies:
    fsevents "~2.3.2"
